// !$*UTF8*$!
{
	archiveVersion = 1;
	classes = {
	};
	objectVersion = 56;
	objects = {

/* Begin PBXBuildFile section */
		712C309E2AA816FD00E824D3 /* ImgVC.swift in Sources */ = {isa = PBXBuildFile; fileRef = 712C309D2AA816FD00E824D3 /* ImgVC.swift */; };
		712C30A02AA8378100E824D3 /* DatePickerVC.swift in Sources */ = {isa = PBXBuildFile; fileRef = 712C309F2AA8378100E824D3 /* DatePickerVC.swift */; };
		712C30A22AA9C6D800E824D3 /* PickerVC.swift in Sources */ = {isa = PBXBuildFile; fileRef = 712C30A12AA9C6D800E824D3 /* PickerVC.swift */; };
		712C30DC2AAAAB0D00E824D3 /* icon_setting.png in Resources */ = {isa = PBXBuildFile; fileRef = 712C30D42AAAAB0D00E824D3 /* icon_setting.png */; };
		712C30DE2AAAAB0D00E824D3 /* icon_siren.png in Resources */ = {isa = PBXBuildFile; fileRef = 712C30D62AAAAB0D00E824D3 /* icon_siren.png */; };
		712C30DF2AAAAB0D00E824D3 /* icon_document.png in Resources */ = {isa = PBXBuildFile; fileRef = 712C30D72AAAAB0D00E824D3 /* icon_document.png */; };
		712C30E02AAAAB0D00E824D3 /* icon_respiration.png in Resources */ = {isa = PBXBuildFile; fileRef = 712C30D82AAAAB0D00E824D3 /* icon_respiration.png */; };
		712C30E22AAAAB0D00E824D3 /* icon_heart.png in Resources */ = {isa = PBXBuildFile; fileRef = 712C30DA2AAAAB0D00E824D3 /* icon_heart.png */; };
		712C30E52AAAAFDC00E824D3 /* AlertVC.swift in Sources */ = {isa = PBXBuildFile; fileRef = 712C30E42AAAAFDC00E824D3 /* AlertVC.swift */; };
		712C30E72AAF07CB00E824D3 /* WebViewVC.swift in Sources */ = {isa = PBXBuildFile; fileRef = 712C30E62AAF07CB00E824D3 /* WebViewVC.swift */; };
		712C30E92AAFF6DD00E824D3 /* MapViewVC.swift in Sources */ = {isa = PBXBuildFile; fileRef = 712C30E82AAFF6DD00E824D3 /* MapViewVC.swift */; };
		71A240362A947F0E002A092A /* AppDelegate.swift in Sources */ = {isa = PBXBuildFile; fileRef = 71A240352A947F0E002A092A /* AppDelegate.swift */; };
		71A240382A947F0E002A092A /* SceneDelegate.swift in Sources */ = {isa = PBXBuildFile; fileRef = 71A240372A947F0E002A092A /* SceneDelegate.swift */; };
		71A2403A2A947F0E002A092A /* ViewController.swift in Sources */ = {isa = PBXBuildFile; fileRef = 71A240392A947F0E002A092A /* ViewController.swift */; };
		71A2403D2A947F0E002A092A /* Main.storyboard in Resources */ = {isa = PBXBuildFile; fileRef = 71A2403B2A947F0E002A092A /* Main.storyboard */; };
		71A2403F2A947F10002A092A /* Assets.xcassets in Resources */ = {isa = PBXBuildFile; fileRef = 71A2403E2A947F10002A092A /* Assets.xcassets */; };
		71A240422A947F10002A092A /* LaunchScreen.storyboard in Resources */ = {isa = PBXBuildFile; fileRef = 71A240402A947F10002A092A /* LaunchScreen.storyboard */; };
		71A2404D2A947F10002A092A /* firstProjectTests.swift in Sources */ = {isa = PBXBuildFile; fileRef = 71A2404C2A947F10002A092A /* firstProjectTests.swift */; };
		71A240572A947F10002A092A /* firstProjectUITests.swift in Sources */ = {isa = PBXBuildFile; fileRef = 71A240562A947F10002A092A /* firstProjectUITests.swift */; };
		71A240592A947F10002A092A /* firstProjectUITestsLaunchTests.swift in Sources */ = {isa = PBXBuildFile; fileRef = 71A240582A947F10002A092A /* firstProjectUITestsLaunchTests.swift */; };
/* End PBXBuildFile section */

/* Begin PBXContainerItemProxy section */
		71A240492A947F10002A092A /* PBXContainerItemProxy */ = {
			isa = PBXContainerItemProxy;
			containerPortal = 71A2402A2A947F0E002A092A /* Project object */;
			proxyType = 1;
			remoteGlobalIDString = 71A240312A947F0E002A092A;
			remoteInfo = firstProject;
		};
		71A240532A947F10002A092A /* PBXContainerItemProxy */ = {
			isa = PBXContainerItemProxy;
			containerPortal = 71A2402A2A947F0E002A092A /* Project object */;
			proxyType = 1;
			remoteGlobalIDString = 71A240312A947F0E002A092A;
			remoteInfo = firstProject;
		};
/* End PBXContainerItemProxy section */

/* Begin PBXFileReference section */
		712C309D2AA816FD00E824D3 /* ImgVC.swift */ = {isa = PBXFileReference; lastKnownFileType = sourcecode.swift; path = ImgVC.swift; sourceTree = "<group>"; };
		712C309F2AA8378100E824D3 /* DatePickerVC.swift */ = {isa = PBXFileReference; lastKnownFileType = sourcecode.swift; path = DatePickerVC.swift; sourceTree = "<group>"; };
		712C30A12AA9C6D800E824D3 /* PickerVC.swift */ = {isa = PBXFileReference; lastKnownFileType = sourcecode.swift; path = PickerVC.swift; sourceTree = "<group>"; };
		712C30D42AAAAB0D00E824D3 /* icon_setting.png */ = {isa = PBXFileReference; lastKnownFileType = image.png; path = icon_setting.png; sourceTree = "<group>"; };
		712C30D62AAAAB0D00E824D3 /* icon_siren.png */ = {isa = PBXFileReference; lastKnownFileType = image.png; path = icon_siren.png; sourceTree = "<group>"; };
		712C30D72AAAAB0D00E824D3 /* icon_document.png */ = {isa = PBXFileReference; lastKnownFileType = image.png; path = icon_document.png; sourceTree = "<group>"; };
		712C30D82AAAAB0D00E824D3 /* icon_respiration.png */ = {isa = PBXFileReference; lastKnownFileType = image.png; path = icon_respiration.png; sourceTree = "<group>"; };
		712C30DA2AAAAB0D00E824D3 /* icon_heart.png */ = {isa = PBXFileReference; lastKnownFileType = image.png; path = icon_heart.png; sourceTree = "<group>"; };
		712C30E42AAAAFDC00E824D3 /* AlertVC.swift */ = {isa = PBXFileReference; lastKnownFileType = sourcecode.swift; path = AlertVC.swift; sourceTree = "<group>"; };
		712C30E62AAF07CB00E824D3 /* WebViewVC.swift */ = {isa = PBXFileReference; lastKnownFileType = sourcecode.swift; path = WebViewVC.swift; sourceTree = "<group>"; };
		712C30E82AAFF6DD00E824D3 /* MapViewVC.swift */ = {isa = PBXFileReference; lastKnownFileType = sourcecode.swift; path = MapViewVC.swift; sourceTree = "<group>"; };
		71A240322A947F0E002A092A /* firstProject.app */ = {isa = PBXFileReference; explicitFileType = wrapper.application; includeInIndex = 0; path = firstProject.app; sourceTree = BUILT_PRODUCTS_DIR; };
		71A240352A947F0E002A092A /* AppDelegate.swift */ = {isa = PBXFileReference; lastKnownFileType = sourcecode.swift; path = AppDelegate.swift; sourceTree = "<group>"; };
		71A240372A947F0E002A092A /* SceneDelegate.swift */ = {isa = PBXFileReference; lastKnownFileType = sourcecode.swift; path = SceneDelegate.swift; sourceTree = "<group>"; };
		71A240392A947F0E002A092A /* ViewController.swift */ = {isa = PBXFileReference; lastKnownFileType = sourcecode.swift; path = ViewController.swift; sourceTree = "<group>"; };
		71A2403C2A947F0E002A092A /* Base */ = {isa = PBXFileReference; lastKnownFileType = file.storyboard; name = Base; path = Base.lproj/Main.storyboard; sourceTree = "<group>"; };
		71A2403E2A947F10002A092A /* Assets.xcassets */ = {isa = PBXFileReference; lastKnownFileType = folder.assetcatalog; path = Assets.xcassets; sourceTree = "<group>"; };
		71A240412A947F10002A092A /* Base */ = {isa = PBXFileReference; lastKnownFileType = file.storyboard; name = Base; path = Base.lproj/LaunchScreen.storyboard; sourceTree = "<group>"; };
		71A240432A947F10002A092A /* Info.plist */ = {isa = PBXFileReference; lastKnownFileType = text.plist.xml; path = Info.plist; sourceTree = "<group>"; };
		71A240482A947F10002A092A /* firstProjectTests.xctest */ = {isa = PBXFileReference; explicitFileType = wrapper.cfbundle; includeInIndex = 0; path = firstProjectTests.xctest; sourceTree = BUILT_PRODUCTS_DIR; };
		71A2404C2A947F10002A092A /* firstProjectTests.swift */ = {isa = PBXFileReference; lastKnownFileType = sourcecode.swift; path = firstProjectTests.swift; sourceTree = "<group>"; };
		71A240522A947F10002A092A /* firstProjectUITests.xctest */ = {isa = PBXFileReference; explicitFileType = wrapper.cfbundle; includeInIndex = 0; path = firstProjectUITests.xctest; sourceTree = BUILT_PRODUCTS_DIR; };
		71A240562A947F10002A092A /* firstProjectUITests.swift */ = {isa = PBXFileReference; lastKnownFileType = sourcecode.swift; path = firstProjectUITests.swift; sourceTree = "<group>"; };
		71A240582A947F10002A092A /* firstProjectUITestsLaunchTests.swift */ = {isa = PBXFileReference; lastKnownFileType = sourcecode.swift; path = firstProjectUITestsLaunchTests.swift; sourceTree = "<group>"; };
/* End PBXFileReference section */

/* Begin PBXFrameworksBuildPhase section */
		71A2402F2A947F0E002A092A /* Frameworks */ = {
			isa = PBXFrameworksBuildPhase;
			buildActionMask = 2147483647;
			files = (
			);
			runOnlyForDeploymentPostprocessing = 0;
		};
		71A240452A947F10002A092A /* Frameworks */ = {
			isa = PBXFrameworksBuildPhase;
			buildActionMask = 2147483647;
			files = (
			);
			runOnlyForDeploymentPostprocessing = 0;
		};
		71A2404F2A947F10002A092A /* Frameworks */ = {
			isa = PBXFrameworksBuildPhase;
			buildActionMask = 2147483647;
			files = (
			);
			runOnlyForDeploymentPostprocessing = 0;
		};
/* End PBXFrameworksBuildPhase section */

/* Begin PBXGroup section */
		712C30A32AA9C7B700E824D3 /* images */ = {
			isa = PBXGroup;
			children = (
				712C30D72AAAAB0D00E824D3 /* icon_document.png */,
				712C30DA2AAAAB0D00E824D3 /* icon_heart.png */,
				712C30D82AAAAB0D00E824D3 /* icon_respiration.png */,
				712C30D42AAAAB0D00E824D3 /* icon_setting.png */,
				712C30D62AAAAB0D00E824D3 /* icon_siren.png */,
			);
			path = images;
			sourceTree = "<group>";
		};
		71A240292A947F0E002A092A = {
			isa = PBXGroup;
			children = (
				71A240342A947F0E002A092A /* firstProject */,
				71A2404B2A947F10002A092A /* firstProjectTests */,
				71A240552A947F10002A092A /* firstProjectUITests */,
				71A240332A947F0E002A092A /* Products */,
			);
			sourceTree = "<group>";
		};
		71A240332A947F0E002A092A /* Products */ = {
			isa = PBXGroup;
			children = (
				71A240322A947F0E002A092A /* firstProject.app */,
				71A240482A947F10002A092A /* firstProjectTests.xctest */,
				71A240522A947F10002A092A /* firstProjectUITests.xctest */,
			);
			name = Products;
			sourceTree = "<group>";
		};
		71A240342A947F0E002A092A /* firstProject */ = {
			isa = PBXGroup;
			children = (
				712C30A32AA9C7B700E824D3 /* images */,
				71A240352A947F0E002A092A /* AppDelegate.swift */,
				71A240372A947F0E002A092A /* SceneDelegate.swift */,
				71A240392A947F0E002A092A /* ViewController.swift */,
				71A2403B2A947F0E002A092A /* Main.storyboard */,
				712C309D2AA816FD00E824D3 /* ImgVC.swift */,
				71A2403E2A947F10002A092A /* Assets.xcassets */,
				71A240402A947F10002A092A /* LaunchScreen.storyboard */,
				71A240432A947F10002A092A /* Info.plist */,
				712C309F2AA8378100E824D3 /* DatePickerVC.swift */,
				712C30A12AA9C6D800E824D3 /* PickerVC.swift */,
				712C30E42AAAAFDC00E824D3 /* AlertVC.swift */,
				712C30E62AAF07CB00E824D3 /* WebViewVC.swift */,
				712C30E82AAFF6DD00E824D3 /* MapViewVC.swift */,
			);
			path = firstProject;
			sourceTree = "<group>";
		};
		71A2404B2A947F10002A092A /* firstProjectTests */ = {
			isa = PBXGroup;
			children = (
				71A2404C2A947F10002A092A /* firstProjectTests.swift */,
			);
			path = firstProjectTests;
			sourceTree = "<group>";
		};
		71A240552A947F10002A092A /* firstProjectUITests */ = {
			isa = PBXGroup;
			children = (
				71A240562A947F10002A092A /* firstProjectUITests.swift */,
				71A240582A947F10002A092A /* firstProjectUITestsLaunchTests.swift */,
			);
			path = firstProjectUITests;
			sourceTree = "<group>";
		};
/* End PBXGroup section */

/* Begin PBXNativeTarget section */
		71A240312A947F0E002A092A /* firstProject */ = {
			isa = PBXNativeTarget;
			buildConfigurationList = 71A2405C2A947F10002A092A /* Build configuration list for PBXNativeTarget "firstProject" */;
			buildPhases = (
				71A2402E2A947F0E002A092A /* Sources */,
				71A2402F2A947F0E002A092A /* Frameworks */,
				71A240302A947F0E002A092A /* Resources */,
			);
			buildRules = (
			);
			dependencies = (
			);
			name = firstProject;
			productName = firstProject;
			productReference = 71A240322A947F0E002A092A /* firstProject.app */;
			productType = "com.apple.product-type.application";
		};
		71A240472A947F10002A092A /* firstProjectTests */ = {
			isa = PBXNativeTarget;
			buildConfigurationList = 71A2405F2A947F10002A092A /* Build configuration list for PBXNativeTarget "firstProjectTests" */;
			buildPhases = (
				71A240442A947F10002A092A /* Sources */,
				71A240452A947F10002A092A /* Frameworks */,
				71A240462A947F10002A092A /* Resources */,
			);
			buildRules = (
			);
			dependencies = (
				71A2404A2A947F10002A092A /* PBXTargetDependency */,
			);
			name = firstProjectTests;
			productName = firstProjectTests;
			productReference = 71A240482A947F10002A092A /* firstProjectTests.xctest */;
			productType = "com.apple.product-type.bundle.unit-test";
		};
		71A240512A947F10002A092A /* firstProjectUITests */ = {
			isa = PBXNativeTarget;
			buildConfigurationList = 71A240622A947F10002A092A /* Build configuration list for PBXNativeTarget "firstProjectUITests" */;
			buildPhases = (
				71A2404E2A947F10002A092A /* Sources */,
				71A2404F2A947F10002A092A /* Frameworks */,
				71A240502A947F10002A092A /* Resources */,
			);
			buildRules = (
			);
			dependencies = (
				71A240542A947F10002A092A /* PBXTargetDependency */,
			);
			name = firstProjectUITests;
			productName = firstProjectUITests;
			productReference = 71A240522A947F10002A092A /* firstProjectUITests.xctest */;
			productType = "com.apple.product-type.bundle.ui-testing";
		};
/* End PBXNativeTarget section */

/* Begin PBXProject section */
		71A2402A2A947F0E002A092A /* Project object */ = {
			isa = PBXProject;
			attributes = {
				BuildIndependentTargetsInParallel = 1;
				LastSwiftUpdateCheck = 1420;
				LastUpgradeCheck = 1420;
				TargetAttributes = {
					71A240312A947F0E002A092A = {
						CreatedOnToolsVersion = 14.2;
					};
					71A240472A947F10002A092A = {
						CreatedOnToolsVersion = 14.2;
						TestTargetID = 71A240312A947F0E002A092A;
					};
					71A240512A947F10002A092A = {
						CreatedOnToolsVersion = 14.2;
						TestTargetID = 71A240312A947F0E002A092A;
					};
				};
			};
			buildConfigurationList = 71A2402D2A947F0E002A092A /* Build configuration list for PBXProject "firstProject" */;
			compatibilityVersion = "Xcode 14.0";
			developmentRegion = en;
			hasScannedForEncodings = 0;
			knownRegions = (
				en,
				Base,
			);
			mainGroup = 71A240292A947F0E002A092A;
			productRefGroup = 71A240332A947F0E002A092A /* Products */;
			projectDirPath = "";
			projectRoot = "";
			targets = (
				71A240312A947F0E002A092A /* firstProject */,
				71A240472A947F10002A092A /* firstProjectTests */,
				71A240512A947F10002A092A /* firstProjectUITests */,
			);
		};
/* End PBXProject section */

/* Begin PBXResourcesBuildPhase section */
		71A240302A947F0E002A092A /* Resources */ = {
			isa = PBXResourcesBuildPhase;
			buildActionMask = 2147483647;
			files = (
				712C30DE2AAAAB0D00E824D3 /* icon_siren.png in Resources */,
				712C30DF2AAAAB0D00E824D3 /* icon_document.png in Resources */,
				71A240422A947F10002A092A /* LaunchScreen.storyboard in Resources */,
				712C30DC2AAAAB0D00E824D3 /* icon_setting.png in Resources */,
				71A2403F2A947F10002A092A /* Assets.xcassets in Resources */,
				71A2403D2A947F0E002A092A /* Main.storyboard in Resources */,
				712C30E22AAAAB0D00E824D3 /* icon_heart.png in Resources */,
				712C30E02AAAAB0D00E824D3 /* icon_respiration.png in Resources */,
			);
			runOnlyForDeploymentPostprocessing = 0;
		};
		71A240462A947F10002A092A /* Resources */ = {
			isa = PBXResourcesBuildPhase;
			buildActionMask = 2147483647;
			files = (
			);
			runOnlyForDeploymentPostprocessing = 0;
		};
		71A240502A947F10002A092A /* Resources */ = {
			isa = PBXResourcesBuildPhase;
			buildActionMask = 2147483647;
			files = (
			);
			runOnlyForDeploymentPostprocessing = 0;
		};
/* End PBXResourcesBuildPhase section */

/* Begin PBXSourcesBuildPhase section */
		71A2402E2A947F0E002A092A /* Sources */ = {
			isa = PBXSourcesBuildPhase;
			buildActionMask = 2147483647;
			files = (
				712C30A22AA9C6D800E824D3 /* PickerVC.swift in Sources */,
				712C309E2AA816FD00E824D3 /* ImgVC.swift in Sources */,
				712C30A02AA8378100E824D3 /* DatePickerVC.swift in Sources */,
				71A2403A2A947F0E002A092A /* ViewController.swift in Sources */,
				712C30E72AAF07CB00E824D3 /* WebViewVC.swift in Sources */,
				71A240362A947F0E002A092A /* AppDelegate.swift in Sources */,
				71A240382A947F0E002A092A /* SceneDelegate.swift in Sources */,
				712C30E92AAFF6DD00E824D3 /* MapViewVC.swift in Sources */,
				712C30E52AAAAFDC00E824D3 /* AlertVC.swift in Sources */,
			);
			runOnlyForDeploymentPostprocessing = 0;
		};
		71A240442A947F10002A092A /* Sources */ = {
			isa = PBXSourcesBuildPhase;
			buildActionMask = 2147483647;
			files = (
				71A2404D2A947F10002A092A /* firstProjectTests.swift in Sources */,
			);
			runOnlyForDeploymentPostprocessing = 0;
		};
		71A2404E2A947F10002A092A /* Sources */ = {
			isa = PBXSourcesBuildPhase;
			buildActionMask = 2147483647;
			files = (
				71A240572A947F10002A092A /* firstProjectUITests.swift in Sources */,
				71A240592A947F10002A092A /* firstProjectUITestsLaunchTests.swift in Sources */,
			);
			runOnlyForDeploymentPostprocessing = 0;
		};
/* End PBXSourcesBuildPhase section */

/* Begin PBXTargetDependency section */
		71A2404A2A947F10002A092A /* PBXTargetDependency */ = {
			isa = PBXTargetDependency;
			target = 71A240312A947F0E002A092A /* firstProject */;
			targetProxy = 71A240492A947F10002A092A /* PBXContainerItemProxy */;
		};
		71A240542A947F10002A092A /* PBXTargetDependency */ = {
			isa = PBXTargetDependency;
			target = 71A240312A947F0E002A092A /* firstProject */;
			targetProxy = 71A240532A947F10002A092A /* PBXContainerItemProxy */;
		};
/* End PBXTargetDependency section */

/* Begin PBXVariantGroup section */
		71A2403B2A947F0E002A092A /* Main.storyboard */ = {
			isa = PBXVariantGroup;
			children = (
				71A2403C2A947F0E002A092A /* Base */,
			);
			name = Main.storyboard;
			sourceTree = "<group>";
		};
		71A240402A947F10002A092A /* LaunchScreen.storyboard */ = {
			isa = PBXVariantGroup;
			children = (
				71A240412A947F10002A092A /* Base */,
			);
			name = LaunchScreen.storyboard;
			sourceTree = "<group>";
		};
/* End PBXVariantGroup section */

/* Begin XCBuildConfiguration section */
		71A2405A2A947F10002A092A /* Debug */ = {
			isa = XCBuildConfiguration;
			buildSettings = {
				ALWAYS_SEARCH_USER_PATHS = NO;
				CLANG_ANALYZER_NONNULL = YES;
				CLANG_ANALYZER_NUMBER_OBJECT_CONVERSION = YES_AGGRESSIVE;
				CLANG_CXX_LANGUAGE_STANDARD = "gnu++20";
				CLANG_ENABLE_MODULES = YES;
				CLANG_ENABLE_OBJC_ARC = YES;
				CLANG_ENABLE_OBJC_WEAK = YES;
				CLANG_WARN_BLOCK_CAPTURE_AUTORELEASING = YES;
				CLANG_WARN_BOOL_CONVERSION = YES;
				CLANG_WARN_COMMA = YES;
				CLANG_WARN_CONSTANT_CONVERSION = YES;
				CLANG_WARN_DEPRECATED_OBJC_IMPLEMENTATIONS = YES;
				CLANG_WARN_DIRECT_OBJC_ISA_USAGE = YES_ERROR;
				CLANG_WARN_DOCUMENTATION_COMMENTS = YES;
				CLANG_WARN_EMPTY_BODY = YES;
				CLANG_WARN_ENUM_CONVERSION = YES;
				CLANG_WARN_INFINITE_RECURSION = YES;
				CLANG_WARN_INT_CONVERSION = YES;
				CLANG_WARN_NON_LITERAL_NULL_CONVERSION = YES;
				CLANG_WARN_OBJC_IMPLICIT_RETAIN_SELF = YES;
				CLANG_WARN_OBJC_LITERAL_CONVERSION = YES;
				CLANG_WARN_OBJC_ROOT_CLASS = YES_ERROR;
				CLANG_WARN_QUOTED_INCLUDE_IN_FRAMEWORK_HEADER = YES;
				CLANG_WARN_RANGE_LOOP_ANALYSIS = YES;
				CLANG_WARN_STRICT_PROTOTYPES = YES;
				CLANG_WARN_SUSPICIOUS_MOVE = YES;
				CLANG_WARN_UNGUARDED_AVAILABILITY = YES_AGGRESSIVE;
				CLANG_WARN_UNREACHABLE_CODE = YES;
				CLANG_WARN__DUPLICATE_METHOD_MATCH = YES;
				COPY_PHASE_STRIP = NO;
				DEBUG_INFORMATION_FORMAT = dwarf;
				ENABLE_STRICT_OBJC_MSGSEND = YES;
				ENABLE_TESTABILITY = YES;
				GCC_C_LANGUAGE_STANDARD = gnu11;
				GCC_DYNAMIC_NO_PIC = NO;
				GCC_NO_COMMON_BLOCKS = YES;
				GCC_OPTIMIZATION_LEVEL = 0;
				GCC_PREPROCESSOR_DEFINITIONS = (
					"DEBUG=1",
					"$(inherited)",
				);
				GCC_WARN_64_TO_32_BIT_CONVERSION = YES;
				GCC_WARN_ABOUT_RETURN_TYPE = YES_ERROR;
				GCC_WARN_UNDECLARED_SELECTOR = YES;
				GCC_WARN_UNINITIALIZED_AUTOS = YES_AGGRESSIVE;
				GCC_WARN_UNUSED_FUNCTION = YES;
				GCC_WARN_UNUSED_VARIABLE = YES;
				IPHONEOS_DEPLOYMENT_TARGET = 16.2;
				MTL_ENABLE_DEBUG_INFO = INCLUDE_SOURCE;
				MTL_FAST_MATH = YES;
				ONLY_ACTIVE_ARCH = YES;
				SDKROOT = iphoneos;
				SWIFT_ACTIVE_COMPILATION_CONDITIONS = DEBUG;
				SWIFT_OPTIMIZATION_LEVEL = "-Onone";
			};
			name = Debug;
		};
		71A2405B2A947F10002A092A /* Release */ = {
			isa = XCBuildConfiguration;
			buildSettings = {
				ALWAYS_SEARCH_USER_PATHS = NO;
				CLANG_ANALYZER_NONNULL = YES;
				CLANG_ANALYZER_NUMBER_OBJECT_CONVERSION = YES_AGGRESSIVE;
				CLANG_CXX_LANGUAGE_STANDARD = "gnu++20";
				CLANG_ENABLE_MODULES = YES;
				CLANG_ENABLE_OBJC_ARC = YES;
				CLANG_ENABLE_OBJC_WEAK = YES;
				CLANG_WARN_BLOCK_CAPTURE_AUTORELEASING = YES;
				CLANG_WARN_BOOL_CONVERSION = YES;
				CLANG_WARN_COMMA = YES;
				CLANG_WARN_CONSTANT_CONVERSION = YES;
				CLANG_WARN_DEPRECATED_OBJC_IMPLEMENTATIONS = YES;
				CLANG_WARN_DIRECT_OBJC_ISA_USAGE = YES_ERROR;
				CLANG_WARN_DOCUMENTATION_COMMENTS = YES;
				CLANG_WARN_EMPTY_BODY = YES;
				CLANG_WARN_ENUM_CONVERSION = YES;
				CLANG_WARN_INFINITE_RECURSION = YES;
				CLANG_WARN_INT_CONVERSION = YES;
				CLANG_WARN_NON_LITERAL_NULL_CONVERSION = YES;
				CLANG_WARN_OBJC_IMPLICIT_RETAIN_SELF = YES;
				CLANG_WARN_OBJC_LITERAL_CONVERSION = YES;
				CLANG_WARN_OBJC_ROOT_CLASS = YES_ERROR;
				CLANG_WARN_QUOTED_INCLUDE_IN_FRAMEWORK_HEADER = YES;
				CLANG_WARN_RANGE_LOOP_ANALYSIS = YES;
				CLANG_WARN_STRICT_PROTOTYPES = YES;
				CLANG_WARN_SUSPICIOUS_MOVE = YES;
				CLANG_WARN_UNGUARDED_AVAILABILITY = YES_AGGRESSIVE;
				CLANG_WARN_UNREACHABLE_CODE = YES;
				CLANG_WARN__DUPLICATE_METHOD_MATCH = YES;
				COPY_PHASE_STRIP = NO;
				DEBUG_INFORMATION_FORMAT = "dwarf-with-dsym";
				ENABLE_NS_ASSERTIONS = NO;
				ENABLE_STRICT_OBJC_MSGSEND = YES;
				GCC_C_LANGUAGE_STANDARD = gnu11;
				GCC_NO_COMMON_BLOCKS = YES;
				GCC_WARN_64_TO_32_BIT_CONVERSION = YES;
				GCC_WARN_ABOUT_RETURN_TYPE = YES_ERROR;
				GCC_WARN_UNDECLARED_SELECTOR = YES;
				GCC_WARN_UNINITIALIZED_AUTOS = YES_AGGRESSIVE;
				GCC_WARN_UNUSED_FUNCTION = YES;
				GCC_WARN_UNUSED_VARIABLE = YES;
				IPHONEOS_DEPLOYMENT_TARGET = 16.2;
				MTL_ENABLE_DEBUG_INFO = NO;
				MTL_FAST_MATH = YES;
				SDKROOT = iphoneos;
				SWIFT_COMPILATION_MODE = wholemodule;
				SWIFT_OPTIMIZATION_LEVEL = "-O";
				VALIDATE_PRODUCT = YES;
			};
			name = Release;
		};
		71A2405D2A947F10002A092A /* Debug */ = {
			isa = XCBuildConfiguration;
			buildSettings = {
				ASSETCATALOG_COMPILER_APPICON_NAME = AppIcon;
				ASSETCATALOG_COMPILER_GLOBAL_ACCENT_COLOR_NAME = AccentColor;
				CODE_SIGN_STYLE = Automatic;
				CURRENT_PROJECT_VERSION = 1;
				DEVELOPMENT_TEAM = P74T3YL2XY;
				GENERATE_INFOPLIST_FILE = YES;
				INFOPLIST_FILE = firstProject/Info.plist;
				INFOPLIST_KEY_UIApplicationSupportsIndirectInputEvents = YES;
				INFOPLIST_KEY_UILaunchStoryboardName = LaunchScreen;
				INFOPLIST_KEY_UIMainStoryboardFile = Main;
				INFOPLIST_KEY_UISupportedInterfaceOrientations_iPad = "UIInterfaceOrientationPortrait UIInterfaceOrientationPortraitUpsideDown UIInterfaceOrientationLandscapeLeft UIInterfaceOrientationLandscapeRight";
				INFOPLIST_KEY_UISupportedInterfaceOrientations_iPhone = "UIInterfaceOrientationPortrait UIInterfaceOrientationLandscapeLeft UIInterfaceOrientationLandscapeRight";
				LD_RUNPATH_SEARCH_PATHS = (
					"$(inherited)",
					"@executable_path/Frameworks",
				);
				MARKETING_VERSION = 1.0;
				PRODUCT_BUNDLE_IDENTIFIER = test.firstProject;
				PRODUCT_NAME = "$(TARGET_NAME)";
				SWIFT_EMIT_LOC_STRINGS = YES;
				SWIFT_VERSION = 5.0;
				TARGETED_DEVICE_FAMILY = "1,2";
			};
			name = Debug;
		};
		71A2405E2A947F10002A092A /* Release */ = {
			isa = XCBuildConfiguration;
			buildSettings = {
				ASSETCATALOG_COMPILER_APPICON_NAME = AppIcon;
				ASSETCATALOG_COMPILER_GLOBAL_ACCENT_COLOR_NAME = AccentColor;
				CODE_SIGN_STYLE = Automatic;
				CURRENT_PROJECT_VERSION = 1;
				DEVELOPMENT_TEAM = P74T3YL2XY;
				GENERATE_INFOPLIST_FILE = YES;
				INFOPLIST_FILE = firstProject/Info.plist;
				INFOPLIST_KEY_UIApplicationSupportsIndirectInputEvents = YES;
				INFOPLIST_KEY_UILaunchStoryboardName = LaunchScreen;
				INFOPLIST_KEY_UIMainStoryboardFile = Main;
				INFOPLIST_KEY_UISupportedInterfaceOrientations_iPad = "UIInterfaceOrientationPortrait UIInterfaceOrientationPortraitUpsideDown UIInterfaceOrientationLandscapeLeft UIInterfaceOrientationLandscapeRight";
				INFOPLIST_KEY_UISupportedInterfaceOrientations_iPhone = "UIInterfaceOrientationPortrait UIInterfaceOrientationLandscapeLeft UIInterfaceOrientationLandscapeRight";
				LD_RUNPATH_SEARCH_PATHS = (
					"$(inherited)",
					"@executable_path/Frameworks",
				);
				MARKETING_VERSION = 1.0;
				PRODUCT_BUNDLE_IDENTIFIER = test.firstProject;
				PRODUCT_NAME = "$(TARGET_NAME)";
				SWIFT_EMIT_LOC_STRINGS = YES;
				SWIFT_VERSION = 5.0;
				TARGETED_DEVICE_FAMILY = "1,2";
			};
			name = Release;
		};
		71A240602A947F10002A092A /* Debug */ = {
			isa = XCBuildConfiguration;
			buildSettings = {
				ALWAYS_EMBED_SWIFT_STANDARD_LIBRARIES = YES;
				BUNDLE_LOADER = "$(TEST_HOST)";
				CODE_SIGN_STYLE = Automatic;
				CURRENT_PROJECT_VERSION = 1;
				GENERATE_INFOPLIST_FILE = YES;
				IPHONEOS_DEPLOYMENT_TARGET = 16.2;
				MARKETING_VERSION = 1.0;
				PRODUCT_BUNDLE_IDENTIFIER = test.firstProjectTests;
				PRODUCT_NAME = "$(TARGET_NAME)";
				SWIFT_EMIT_LOC_STRINGS = NO;
				SWIFT_VERSION = 5.0;
				TARGETED_DEVICE_FAMILY = "1,2";
				TEST_HOST = "$(BUILT_PRODUCTS_DIR)/firstProject.app/$(BUNDLE_EXECUTABLE_FOLDER_PATH)/firstProject";
			};
			name = Debug;
		};
		71A240612A947F10002A092A /* Release */ = {
			isa = XCBuildConfiguration;
			buildSettings = {
				ALWAYS_EMBED_SWIFT_STANDARD_LIBRARIES = YES;
				BUNDLE_LOADER = "$(TEST_HOST)";
				CODE_SIGN_STYLE = Automatic;
				CURRENT_PROJECT_VERSION = 1;
				GENERATE_INFOPLIST_FILE = YES;
				IPHONEOS_DEPLOYMENT_TARGET = 16.2;
				MARKETING_VERSION = 1.0;
				PRODUCT_BUNDLE_IDENTIFIER = test.firstProjectTests;
				PRODUCT_NAME = "$(TARGET_NAME)";
				SWIFT_EMIT_LOC_STRINGS = NO;
				SWIFT_VERSION = 5.0;
				TARGETED_DEVICE_FAMILY = "1,2";
				TEST_HOST = "$(BUILT_PRODUCTS_DIR)/firstProject.app/$(BUNDLE_EXECUTABLE_FOLDER_PATH)/firstProject";
			};
			name = Release;
		};
		71A240632A947F10002A092A /* Debug */ = {
			isa = XCBuildConfiguration;
			buildSettings = {
				ALWAYS_EMBED_SWIFT_STANDARD_LIBRARIES = YES;
				CODE_SIGN_STYLE = Automatic;
				CURRENT_PROJECT_VERSION = 1;
				GENERATE_INFOPLIST_FILE = YES;
				MARKETING_VERSION = 1.0;
				PRODUCT_BUNDLE_IDENTIFIER = test.firstProjectUITests;
				PRODUCT_NAME = "$(TARGET_NAME)";
				SWIFT_EMIT_LOC_STRINGS = NO;
				SWIFT_VERSION = 5.0;
				TARGETED_DEVICE_FAMILY = "1,2";
				TEST_TARGET_NAME = firstProject;
			};
			name = Debug;
		};
		71A240642A947F10002A092A /* Release */ = {
			isa = XCBuildConfiguration;
			buildSettings = {
				ALWAYS_EMBED_SWIFT_STANDARD_LIBRARIES = YES;
				CODE_SIGN_STYLE = Automatic;
				CURRENT_PROJECT_VERSION = 1;
				GENERATE_INFOPLIST_FILE = YES;
				MARKETING_VERSION = 1.0;
				PRODUCT_BUNDLE_IDENTIFIER = test.firstProjectUITests;
				PRODUCT_NAME = "$(TARGET_NAME)";
				SWIFT_EMIT_LOC_STRINGS = NO;
				SWIFT_VERSION = 5.0;
				TARGETED_DEVICE_FAMILY = "1,2";
				TEST_TARGET_NAME = firstProject;
			};
			name = Release;
		};
/* End XCBuildConfiguration section */

/* Begin XCConfigurationList section */
		71A2402D2A947F0E002A092A /* Build configuration list for PBXProject "firstProject" */ = {
			isa = XCConfigurationList;
			buildConfigurations = (
				71A2405A2A947F10002A092A /* Debug */,
				71A2405B2A947F10002A092A /* Release */,
			);
			defaultConfigurationIsVisible = 0;
			defaultConfigurationName = Release;
		};
		71A2405C2A947F10002A092A /* Build configuration list for PBXNativeTarget "firstProject" */ = {
			isa = XCConfigurationList;
			buildConfigurations = (
				71A2405D2A947F10002A092A /* Debug */,
				71A2405E2A947F10002A092A /* Release */,
			);
			defaultConfigurationIsVisible = 0;
			defaultConfigurationName = Release;
		};
		71A2405F2A947F10002A092A /* Build configuration list for PBXNativeTarget "firstProjectTests" */ = {
			isa = XCConfigurationList;
			buildConfigurations = (
				71A240602A947F10002A092A /* Debug */,
				71A240612A947F10002A092A /* Release */,
			);
			defaultConfigurationIsVisible = 0;
			defaultConfigurationName = Release;
		};
		71A240622A947F10002A092A /* Build configuration list for PBXNativeTarget "firstProjectUITests" */ = {
			isa = XCConfigurationList;
			buildConfigurations = (
				71A240632A947F10002A092A /* Debug */,
				71A240642A947F10002A092A /* Release */,
			);
			defaultConfigurationIsVisible = 0;
			defaultConfigurationName = Release;
		};
/* End XCConfigurationList section */
	};
	rootObject = 71A2402A2A947F0E002A092A /* Project object */;
}
